github.com/davecgh/go-spew v1.1.0/go.mod h1:J7Y8YcW2NihsgmVo/mv3lAwl/skON4iLHjSsI+c5H38=
github.com/davecgh/go-spew v1.1.1/go.mod h1:J7Y8YcW2NihsgmVo/mv3lAwl/skON4iLHjSsI+c5H38=
github.com/google/uuid v1.3.0 h1:t6JiXgmwXMjEs8VusXIJk2BXHsn+wx8BZdTaoZ5fu7I=
github.com/google/uuid v1.3.0/go.mod h1:TIyPZe4MgqvfeYDBFedMoGGpEw/LqOeaOT+nhxU+yHo=
github.com/hashicorp/go-cleanhttp v0.5.1 h1:dH3aiDG9Jvb5r5+bYHsikaOUIpcM0xvgMXVoDkXMzJM=
github.com/hashicorp/go-cleanhttp v0.5.1/go.mod h1:JpRdi6/HCYpAwUzNwuwqhbovhLtngrth3wmdIIUrZ80=
github.com/hashicorp/go-hclog v0.9.2/go.mod h1:5CU+agLiy3J7N7QjHK5d05KxGsuXiQLrjA0H7acj2lQ=
github.com/hashicorp/go-retryablehttp v0.7.1 h1:sUiuQAnLlbvmExtFQs72iFW/HXeUn8Z1aJLQ4LJJbTQ=
github.com/hashicorp/go-retryablehttp v0.7.1/go.mod h1:vAew36LZh98gCBJNLH42IQ1ER/9wtLZZ8meHqQvEYWY=
github.com/nutanix/ntnx-api-golang-clients/clustermgmt-go-client/v4 v4.2.2 h1:IctWgmfEJEKX5UL8NOLylPQwM5quK8tbbZF4BuSuSwE=
github.com/nutanix/ntnx-api-golang-clients/clustermgmt-go-client/v4 v4.2.2/go.mod h1:c52CmT116rC0iLmS11iiTy2cg+j+ifP0X8ZIHwNVefI=
github.com/nutanix/ntnx-api-golang-clients/dataprotection-go-client/v4 v4.3.1 h1:F48OswerCLGhZLAmWOPefrJa9O88iHAgu32q9Vz+E0s=
github.com/nutanix/ntnx-api-golang-clients/dataprotection-go-client/v4 v4.3.1/go.mod h1:c/Yvv/VlhBz8dPW4/YPBucS1QgoGvyHVrbJNji3lUgk=
github.com/nutanix/ntnx-api-golang-clients/files-go-client/v4 v4.0.1 h1:iGXpgGZNhvpr2QrQar4ZJndfl+WsnpDYd6R17IUJI4Q=
github.com/nutanix/ntnx-api-golang-clients/files-go-client/v4 v4.0.1/go.mod h1:E5cMSug9BuLGHXY7j+ETrX9sonjP4vIusIku0pE9bJw=
github.com/nutanix/ntnx-api-golang-clients/networking-go-client/v4 v4.3.1 h1:VWxK8mY6kOag/ocDBttDViktEi8bcjbAvm3i9laDyCA=
github.com/nutanix/ntnx-api-golang-clients/networking-go-client/v4 v4.3.1/go.mod h1:4fUdP3zeL4UFS/UVaii5EdS2v+KlM4gI07KcnS+wDuY=
github.com/nutanix/ntnx-api-golang-clients/prism-go-client/v4 v4.3.1 h1:Yx2Ew7Az437p2eIfzzVzx4m/5oFhfozUROqdcSt78VI=
github.com/nutanix/ntnx-api-golang-clients/prism-go-client/v4 v4.3.1/go.mod h1:VTDt+ilLtNGW7tBzZb1GwgVMhHAuSxIHrm88c1WasZ4=
github.com/nutanix/ntnx-api-golang-clients/vmm-go-client/v4 v4.2.2 h1:NI3DQoNxD3Ab/MKu0idurECXzmYVINwtAJ0bbTmeu00=
github.com/nutanix/ntnx-api-golang-clients/vmm-go-client/v4 v4.2.2/go.mod h1:3VY254T7zS8PiRQU0ll5jeRFcnn7zNm3jck5GxYvb7s=
github.com/pmezard/go-difflib v1.0.0/go.mod h1:iKH77koFhYxTK1pcRnkKkqfTogsbg7gZNVY4sRDYZ/4=
github.com/sirupsen/logrus v1.9.0 h1:trlNQbNUG3OdDrDil03MCb1H2o9nJ1x4/5LYw7byDE0=
github.com/sirupsen/logrus v1.9.0/go.mod h1:naHLuLoDiP4jHNo9R0sCBMtWGeIprob74mVsIT4qYEQ=
github.com/stretchr/objx v0.1.0/go.mod h1:HFkY916IF+rwdDfMAkV7OtwuqBVzrE8GR6GFx+wExME=
github.com/stretchr/testify v1.2.2/go.mod h1:a8OnRcib4nhh0OaRAV+Yts87kKdq0PP7pXfy6kDkUVs=
github.com/stretchr/testify v1.7.0/go.mod h1:6Fq8oRcR53rry900zMqJjRRixrwX3KX962/h/Wwjteg=
golang.org/x/sys v0.0.0-20220715151400-c0bba94af5f8/go.mod h1:oPkhp1MJrh7nUepCBck5+mAzfO9JrbApNNgaTdGDITg=
golang.org/x/sys v0.28.0 h1:Fksou7UEQUWlKvIdsqzJmUmCX3cZuD2+P3XyyzwMhlA=
golang.org/x/sys v0.28.0/go.mod h1:/VUhepiaJMQUp4+oa/7Zr1D23ma6VTLIYjOOTFZPUcA=
golang.org/x/term v0.27.0 h1:WP60Sv1nlK1T6SupCHbXzSaN0b9wUmsPoRS9b61A23Q=
golang.org/x/term v0.27.0/go.mod h1:iMsnZpn0cago0GOrHO2+Y7u7JPn5AylBrcoWkElMTSM=
gopkg.in/check.v1 v0.0.0-20161208181325-20d25e280405/go.mod h1:Co6ibVJAznAaIkqp8huTwlJQCZ016jof/cbN4VW5Yz0=
gopkg.in/yaml.v3 v3.0.0-20200313102051-9f266ea9e77c/go.mod h1:K4uyk7z7BCEPqu6E+C64Yfv1cQ7kz7rIZviUmN+EgEM=
